%{
  "bunch": {:hex, :bunch, "1.3.0", "51b4423088b7fb9e21eae6d6bc5e5d219d955ea5556fbd6130bfb6213df4be32", [:mix], [], "hexpm", "9ad233a2bacc0dae8aa6553a9b9057f27446443b1c5903c3479b6f9f3820ce2d"},
  "bunch_native": {:hex, :bunch_native, "0.3.0", "a292baf340608d07bf2f2bbc7928a29648c15c90192e8f4c50b77ea16366d61c", [:mix], [{:bundlex, "~> 0.4.0", [hex: :bundlex, repo: "hexpm", optional: false]}], "hexpm", "8a3b4b4bc6de06f863469f6f06a0a37026bd87b0dcaa2dba688ea9da9b18b4c1"},
  "bundlex": {:hex, :bundlex, "0.4.1", "4bf149099cb6d12e8ec62601c66086442a427ff18eb6cd5fd6350451646d5db0", [:mix], [{:bunch, "~> 1.0", [hex: :bunch, repo: "hexpm", optional: false]}, {:qex, "~> 0.5", [hex: :qex, repo: "hexpm", optional: false]}, {:secure_random, "~> 0.5", [hex: :secure_random, repo: "hexpm", optional: false]}], "hexpm", "8779fe382555046edfc4efefc10a26867e3da9d5010f1b590a61dec210eedc32"},
  "coerce": {:hex, :coerce, "1.0.1", "211c27386315dc2894ac11bc1f413a0e38505d808153367bd5c6e75a4003d096", [:mix], [], "hexpm", "b44a691700f7a1a15b4b7e2ff1fa30bebd669929ac8aa43cffe9e2f8bf051cf1"},
  "ex_dtls": {:hex, :ex_dtls, "0.5.0", "f49020bc6ebfaa56ba92e40e29387a9d846c1a4033d375165ab521f86a597019", [:mix], [{:membrane_core, "~> 0.7.0", [hex: :membrane_core, repo: "hexpm", optional: false]}, {:unifex, "~> 0.4.0", [hex: :unifex, repo: "hexpm", optional: false]}], "hexpm", "8aba5cd1656beea14ce22ef6c1eba1b79ab2d1e7e1ae108d5008c03683f362c3"},
  "membrane_core": {:hex, :membrane_core, "0.7.0", "fc773f3b79ad3b5631c3a0754c429b333a4e024989aa4a63e49aa796d2fa1bd8", [:mix], [{:bunch, "~> 1.3", [hex: :bunch, repo: "hexpm", optional: false]}, {:qex, "~> 0.3", [hex: :qex, repo: "hexpm", optional: false]}, {:ratio, "~> 2.0", [hex: :ratio, repo: "hexpm", optional: false]}, {:telemetry, "~> 0.4", [hex: :telemetry, repo: "hexpm", optional: false]}], "hexpm", "4d04d42712d5548cf22993d85a7fdee9f4b6dfe31500ed299ed692fabdbc9824"},
  "numbers": {:hex, :numbers, "5.2.4", "f123d5bb7f6acc366f8f445e10a32bd403c8469bdbce8ce049e1f0972b607080", [:mix], [{:coerce, "~> 1.0", [hex: :coerce, repo: "hexpm", optional: false]}, {:decimal, "~> 1.9 or ~> 2.0", [hex: :decimal, repo: "hexpm", optional: true]}], "hexpm", "eeccf5c61d5f4922198395bf87a465b6f980b8b862dd22d28198c5e6fab38582"},
  "qex": {:hex, :qex, "0.5.0", "5a3a9becf67d4006377c4c247ffdaaa8ae5b3634a0caadb788dc24d6125068f4", [:mix], [], "hexpm", "4ad6f6421163cd8204509a119a5c9813cbb969cfb8d802a9dc49b968bffbac2a"},
  "ratio": {:hex, :ratio, "2.4.2", "c8518f3536d49b1b00d88dd20d49f8b11abb7819638093314a6348139f14f9f9", [:mix], [{:decimal, "~> 1.6 or ~> 2.0", [hex: :decimal, repo: "hexpm", optional: true]}, {:numbers, "~> 5.2.0", [hex: :numbers, repo: "hexpm", optional: false]}], "hexpm", "441ef6f73172a3503de65ccf1769030997b0d533b1039422f1e5e0e0b4cbf89e"},
  "secure_random": {:hex, :secure_random, "0.5.1", "c5532b37c89d175c328f5196a0c2a5680b15ebce3e654da37129a9fe40ebf51b", [:mix], [], "hexpm", "1b9754f15e3940a143baafd19da12293f100044df69ea12db5d72878312ae6ab"},
  "shmex": {:hex, :shmex, "0.3.0", "5b995fa0bba3ff48fb9a93fdd116f5e6f7c0012da00775564a8d29d199618b8c", [:mix], [{:bunch_native, "~> 0.3.0", [hex: :bunch_native, repo: "hexpm", optional: false]}, {:bundlex, "~> 0.4.0", [hex: :bundlex, repo: "hexpm", optional: false]}], "hexpm", "05b2cc456eb549bd40a53bf641c47008acba0185f25c1906b934b0b91c36f1c4"},
  "telemetry": {:hex, :telemetry, "0.4.3", "a06428a514bdbc63293cd9a6263aad00ddeb66f608163bdec7c8995784080818", [:rebar3], [], "hexpm", "eb72b8365ffda5bed68a620d1da88525e326cb82a75ee61354fc24b844768041"},
  "unifex": {:hex, :unifex, "0.4.0", "391521000025bf767cd256454af602af8bf08094f7a378c5ebc7fc4e952ab61a", [:mix], [{:bunch, "~> 1.0", [hex: :bunch, repo: "hexpm", optional: false]}, {:bundlex, "~> 0.4.0", [hex: :bundlex, repo: "hexpm", optional: false]}, {:shmex, "~> 0.3.0", [hex: :shmex, repo: "hexpm", optional: false]}], "hexpm", "fa04d223eb34e464ce4c70874b2da905cf85123d0bfa6543cc42694f98d55693"},
}
